# This file is automatically @generated by Cargo.
# It is not intended for manual editing.
version = 4

[[package]]
name = "oca-cli"
version = "0.1.0"

[[package]]
name = "oca-core"
version = "0.1.0"

[[package]]
name = "oca-display"
version = "0.1.0"

[[package]]
name = "oca-git"
version = "0.1.0"

[[package]]
name = "oca-opencode"
version = "0.1.0"

[[package]]
name = "oca-server"
version = "0.1.0"

[[package]]
name = "oca-state"
version = "0.1.0"

[[package]]
name = "oca-testkit"
version = "0.1.0"

[[package]]
name = "xtask"
version = "0.1.0"
